<?xml version="1.0" encoding="utf-8"?>
<Project ToolsVersion="4.0" xmlns="http://schemas.microsoft.com/developer/msbuild/2003">
  <ItemGroup>
    <Filter Include="Source Files">
      <UniqueIdentifier>{4FC737F1-C7A5-4376-A066-2A32D752A2FF}</UniqueIdentifier>
      <Extensions>cpp;c;cc;cxx;c++;cppm;ixx;def;odl;idl;hpj;bat;asm;asmx</Extensions>
    </Filter>
    <Filter Include="Header Files">
      <UniqueIdentifier>{93995380-89BD-4b04-88EB-625FBE52EBFB}</UniqueIdentifier>
      <Extensions>h;hh;hpp;hxx;h++;hm;inl;inc;ipp;xsd</Extensions>
    </Filter>
    <Filter Include="Resource Files">
      <UniqueIdentifier>{67DA6AB6-F800-4c08-8B7A-83BB121AAD01}</UniqueIdentifier>
      <Extensions>rc;ico;cur;bmp;dlg;rc2;rct;bin;rgs;gif;jpg;jpeg;jpe;resx;tiff;tif;png;wav;mfcribbon-ms</Extensions>
    </Filter>
    <Filter Include="Source Files\ClipDataLink">
      <UniqueIdentifier>{7fc4f137-93fe-48eb-95c2-e4e9f407af28}</UniqueIdentifier>
    </Filter>
    <Filter Include="Header Files\ClipDataLink">
      <UniqueIdentifier>{1804c639-c544-4126-84d6-0a363e48ef9a}</UniqueIdentifier>
    </Filter>
    <Filter Include="Source Files\ClipDataLink\WindowsFormat">
      <UniqueIdentifier>{c01df30b-e639-4f40-9699-95b631370c91}</UniqueIdentifier>
    </Filter>
    <Filter Include="Header Files\ClipDataLink\WindowsFormat">
      <UniqueIdentifier>{736be234-3ac1-4f33-95d9-23baae0933a1}</UniqueIdentifier>
    </Filter>
  </ItemGroup>
  <ItemGroup>
    <ClCompile Include="ClipDataSyncSample.cpp">
      <Filter>Source Files</Filter>
    </ClCompile>
    <ClCompile Include="ClipData.cpp">
      <Filter>Source Files\ClipDataLink</Filter>
    </ClCompile>
    <ClCompile Include="WindowsClipData.cpp">
      <Filter>Source Files\ClipDataLink\WindowsFormat</Filter>
    </ClCompile>
  </ItemGroup>
  <ItemGroup>
    <ClInclude Include="ClipData.h">
      <Filter>Header Files\ClipDataLink</Filter>
    </ClInclude>
    <ClInclude Include="WindowsClipData.h">
      <Filter>Header Files\ClipDataLink\WindowsFormat</Filter>
    </ClInclude>
  </ItemGroup>
</Project>